
Microsoft Visual Studio Solution File, Format Version 12.00
# Visual Studio Version 16
VisualStudioVersion = 16.0.29911.84
MinimumVisualStudioVersion = 10.0.40219.1
Project("{FAE04EC0-301F-11D3-BF4B-00C04F79EFBC}") = "unibook", "unibook\unibook.csproj", "{66D680A8-7E42-4F7B-A366-F3865A88D41C}"
EndProject
Global
	GlobalSection(SolutionConfigurationPlatforms) = preSolution
		Debug|Any CPU = Debug|Any CPU
		Release|Any CPU = Release|Any CPU
	EndGlobalSection
	GlobalSection(ProjectConfigurationPlatforms) = postSolution
		{66D680A8-7E42-4F7B-A366-F3865A88D41C}.Debug|Any CPU.ActiveCfg = Debug|Any CPU
		{66D680A8-7E42-4F7B-A366-F3865A88D41C}.Debug|Any CPU.Build.0 = Debug|Any CPU
		{66D680A8-7E42-4F7B-A366-F3865A88D41C}.Release|Any CPU.ActiveCfg = Release|Any CPU
		{66D680A8-7E42-4F7B-A366-F3865A88D41C}.Release|Any CPU.Build.0 = Release|Any CPU
	EndGlobalSection
	GlobalSection(SolutionProperties) = preSolution
		HideSolutionNode = FALSE
	EndGlobalSection
	GlobalSection(ExtensibilityGlobals) = postSolution
		SolutionGuid = {174AE5A1-6B51-4E82-B63D-510C57DAA901}
	EndGlobalSection
EndGlobal
